
Microsoft Visual Studio Solution File, Format Version 12.00
# Visual Studio Version 17
VisualStudioVersion = 17.8.34330.188
MinimumVisualStudioVersion = 10.0.40219.1
Project("{FAE04EC0-301F-11D3-BF4B-00C04F79EFBC}") = "Praktikum3", "Praktikum3\Praktikum3.csproj", "{201BBE45-675A-4CFE-BA26-EA6B4A6F4D67}"
EndProject
Global
	GlobalSection(SolutionConfigurationPlatforms) = preSolution
		Debug|Any CPU = Debug|Any CPU
		Release|Any CPU = Release|Any CPU
	EndGlobalSection
	GlobalSection(ProjectConfigurationPlatforms) = postSolution
		{201BBE45-675A-4CFE-BA26-EA6B4A6F4D67}.Debug|Any CPU.ActiveCfg = Debug|Any CPU
		{201BBE45-675A-4CFE-BA26-EA6B4A6F4D67}.Debug|Any CPU.Build.0 = Debug|Any CPU
		{201BBE45-675A-4CFE-BA26-EA6B4A6F4D67}.Release|Any CPU.ActiveCfg = Release|Any CPU
		{201BBE45-675A-4CFE-BA26-EA6B4A6F4D67}.Release|Any CPU.Build.0 = Release|Any CPU
	EndGlobalSection
	GlobalSection(SolutionProperties) = preSolution
		HideSolutionNode = FALSE
	EndGlobalSection
	GlobalSection(ExtensibilityGlobals) = postSolution
		SolutionGuid = {39AB5C82-652A-4290-BEAB-962DB59265D8}
	EndGlobalSection
EndGlobal
